# THIS IS AN AUTOGENERATED FILE. DO NOT EDIT THIS FILE DIRECTLY.
# yarn lockfile v1


vant-weapp@^0.5.23:
  version "0.5.23"
  resolved "https://registry.yarnpkg.com/vant-weapp/-/vant-weapp-0.5.23.tgz#e3dcf162e15f74e6637a9b6f88e324acf10b5155"
  integrity sha512-kI0uYbF5rp85u+puNtXUMqnDbefUvAhJ+sC0Tfx8H95fmUM+MpvEaNxR6JdTYv1JMOL++D3HkpNDxSr4ClrNFg==
